{
  "name": "edit-item-notes",
  "lockfileVersion": 3,
  "requires": true,
  "packages": {
    "api-server": {
      "version": "1.0.0",
      "extraneous": true,
      "dependencies": {
        "@hono/node-server": "latest",
        "better-auth": "^1.5.6",
        "dayjs": "latest",
        "dotenv": "latest",
        "hono": "latest",
        "jsonwebtoken": "latest",
        "mongodb": "latest",
        "web-push": "^3.6.7"
      },
      "devDependencies": {
        "@biomejs/biome": "2.4.8",
        "@types/jsonwebtoken": "latest",
        "@types/node": "latest",
        "@types/web-push": "^3.6.4",
        "tsx": "latest",
        "typescript": "latest",
        "vitest": "latest"
      },
      "engines": {
        "node": ">=24"
      }
    },
    "client": {
      "name": "getting-things-done",
      "version": "0.0.0",
      "extraneous": true,
      "dependencies": {
        "@emotion/react": "^11.14.0",
        "@emotion/styled": "^11.14.1",
        "@fontsource/roboto": "^5.2.10",
        "@mui/icons-material": "^7.3.2",
        "@mui/material": "^7.3.2",
        "@tanstack/react-router": "^1.168.2",
        "better-auth": "^1.5.6",
        "dayjs": "^1.11.20",
        "idb": "^8.0.3",
        "react": "^19.2.4",
        "react-dom": "^19.2.4"
      },
      "devDependencies": {
        "@biomejs/biome": "2.4.8",
        "@tanstack/react-router-devtools": "^1.166.11",
        "@tanstack/router-plugin": "^1.167.3",
        "@types/react": "^19.2.14",
        "@types/react-dom": "^19.2.3",
        "@vitejs/plugin-react": "^6.0.1",
        "@vitest/coverage-v8": "^4.1.2",
        "concurrently": "^9.2.1",
        "fake-indexeddb": "^6.2.5",
        "typed-css-modules": "^0.9.1",
        "typescript": "~5.9.3",
        "vite": "^8.0.1",
        "vite-plugin-pwa": "^1.2.0",
        "vitest": "^4.1.2",
        "workbox-core": "^7.4.0",
        "workbox-precaching": "^7.4.0",
        "wrangler": "^4.0.0"
      }
    }
  }
}
